{
  "version": 2,
  "dependencies": {
    "net10.0": {
      "Microsoft.SourceLink.GitHub": {
        "type": "Direct",
        "requested": "[10.0.400, )",
        "resolved": "10.0.400",
        "contentHash": "N1Ut0+EmMb2Tma9spHxAgpCspkln4gst1RWYc1PYPn8LA4KJWDSiggKpE183lfR98TNG2C+XnJ71zSYtuCSsqA==",
        "dependencies": {
          "Microsoft.Build.Tasks.Git": "10.0.400",
          "Microsoft.SourceLink.Common": "10.0.400",
          "System.IO.Hashing": "10.0.11"
        }
      },
      "OpenTelemetry.Api": {
        "type": "Direct",
        "requested": "[1.18.0, )",
        "resolved": "1.18.0",
        "contentHash": "Dhzm5oughIY9EWckt2J1yXcEbXpki5WCL2q7prJoYxzH6C7jdkfGtPMTkUVZZ4AhjJKzQnlC+kLSIlmIVwC4Vw=="
      },
      "AWSSDK.Core": {
        "type": "Transitive",
        "resolved": "4.0.102.3",
        "contentHash": "hGysXQOtru5CQmROaDLQURs5HK3W385ClLodTKZcLnd6o64YDOwvBaQrjYlfU9BEVLv7sdDR/ZRaATjpdBJ5Xw=="
      },
      "Azure.Core": {
        "type": "Transitive",
        "resolved": "1.54.0",
        "contentHash": "m6hHbx1q9+GCBZ5A9ykzFylPdTwscX2APH7PlnqV+yu+DH3RRtuIDJMRqdU17cMyinv0hCPofpegoyQ6qWPW7g==",
        "dependencies": {
          "Microsoft.Bcl.AsyncInterfaces": "10.0.3",
          "Microsoft.Identity.Client": "4.83.1",
          "Microsoft.Identity.Client.Extensions.Msal": "4.83.1",
          "System.ClientModel": "1.10.0",
          "System.Memory.Data": "10.0.3"
        }
      },
      "Google.Api.CommonProtos": {
        "type": "Transitive",
        "resolved": "2.17.0",
        "contentHash": "elfQPknFr495hm7vdy6ZlgyQh6yzZq9TU7sS35L/Fj/fqjM/mUGau9gVJLhvQEtUlPjtR80hpn/m9HvBMyCXIw==",
        "dependencies": {
          "Google.Protobuf": "[3.31.1, 4.0.0]"
        }
      },
      "Google.Api.Gax": {
        "type": "Transitive",
        "resolved": "4.13.1",
        "contentHash": "ujDpZk7O2VqAEIqcSlhH0FKzVpGZWly/qcNjHxpNUrL445Tei9PHnu4V1pwW2WDiMDvo3TpL1Bi4DeU525Afrg==",
        "dependencies": {
          "Microsoft.Bcl.AsyncInterfaces": "6.0.0",
          "Newtonsoft.Json": "13.0.4"
        }
      },
      "Google.Api.Gax.Grpc": {
        "type": "Transitive",
        "resolved": "4.13.1",
        "contentHash": "QgYF0bd8z6xWSVLGkGAMPB70seJSa9J02lFn8LT0Rb7PjSxZYpX+wU6LbVmghxDi6Wd64taulpX37pFq20J61g==",
        "dependencies": {
          "Google.Api.CommonProtos": "2.17.0",
          "Google.Api.Gax": "4.13.1",
          "Google.Apis.Auth": "1.73.0",
          "Grpc.Auth": "[2.71.0, 3.0.0)",
          "Grpc.Core.Api": "[2.71.0, 3.0.0)",
          "Grpc.Net.Client": "[2.71.0, 3.0.0)"
        }
      },
      "Google.Apis": {
        "type": "Transitive",
        "resolved": "1.73.0",
        "contentHash": "TnCjEyV2aCLQ6Zl40OCbEJULDuEkEWc6C/g81KYw5l1PqGo+G7pFZrV+YH8XgUL0JRUanz+IrUp8SsKF4dzkqg==",
        "dependencies": {
          "Google.Apis.Core": "1.73.0"
        }
      },
      "Google.Apis.Auth": {
        "type": "Transitive",
        "resolved": "1.73.0",
        "contentHash": "wEu12uhnRv3zrPBSqv4E2vPH6lYLtc1RPAnU9MJRCMFlBVwZ7Lnq3NfbYXi6VG7EurkYInTaMpeBZkbM/HrAog==",
        "dependencies": {
          "Google.Apis": "1.73.0",
          "Google.Apis.Core": "1.73.0",
          "System.Management": "7.0.2"
        }
      },
      "Google.Apis.Core": {
        "type": "Transitive",
        "resolved": "1.73.0",
        "contentHash": "vSc7CY4KCP7HE4QTElDx/ExnGLbg9kXb89MS6cdvI+0D4sxvTYb16vGtXmF2jSDMV3iDmykSXdIUPTz8TDS6gg==",
        "dependencies": {
          "Newtonsoft.Json": "13.0.4"
        }
      },
      "Google.Cloud.Iam.V1": {
        "type": "Transitive",
        "resolved": "3.5.0",
        "contentHash": "CTLBAQ7WxsLoA4lovpvhF4MRUJH64smrIjuD/0jDrLs6zpbpf+f8Ur8ekRKv67kwlpN6Ug0q7EuT2csWDEczlQ==",
        "dependencies": {
          "Google.Api.Gax.Grpc": "[4.12.1, 5.0.0)"
        }
      },
      "Google.Cloud.Location": {
        "type": "Transitive",
        "resolved": "2.4.0",
        "contentHash": "ZFChsp6OYVPBAzpoEWFMf/W9lfOgPj5BY+75/VjGV6EoirhA3YNlSKta3fX2MPaWH6RqJ9ZtNJT4vmdxhxbkbQ==",
        "dependencies": {
          "Google.Api.Gax.Grpc": "[4.12.1, 5.0.0)"
        }
      },
      "Google.LongRunning": {
        "type": "Transitive",
        "resolved": "3.5.0",
        "contentHash": "W8xO6FA+rG8WjKOsyIjTKjeKLcyCrjBBYeEdZ4QBkKQcxmRczbrfKhKQmdorb2V35CqXeeTbue5Na6Zkgyv8ow==",
        "dependencies": {
          "Google.Api.Gax.Grpc": "[4.12.1, 5.0.0)"
        }
      },
      "Google.Protobuf": {
        "type": "Transitive",
        "resolved": "3.31.1",
        "contentHash": "gSnJbUmGiOTdWddPhqzrEscHq9Ls6sqRDPB9WptckyjTUyx70JOOAaDLkFff8gManZNN3hllQ4aQInnQyq/Z/A=="
      },
      "Grpc.Auth": {
        "type": "Transitive",
        "resolved": "2.71.0",
        "contentHash": "t2aGh/pMgqmc3GimtYfC7VcgVY/VSbk6SLH+61wewsgK45tzxxD9nYYItT5bpLn7fbebirmHXfgJcVKIArd0cg==",
        "dependencies": {
          "Google.Apis.Auth": "1.69.0",
          "Grpc.Core.Api": "2.71.0"
        }
      },
      "Grpc.Core.Api": {
        "type": "Transitive",
        "resolved": "2.71.0",
        "contentHash": "QquqUC37yxsDzd1QaDRsH2+uuznWPTS8CVE2Yzwl3CvU4geTNkolQXoVN812M2IwT6zpv3jsZRc9ExJFNFslTg=="
      },
      "Grpc.Net.Client": {
        "type": "Transitive",
        "resolved": "2.71.0",
        "contentHash": "U1vr20r5ngoT9nlb7wejF28EKN+taMhJsV9XtK9MkiepTZwnKxxiarriiMfCHuDAfPUm9XUjFMn/RIuJ4YY61w==",
        "dependencies": {
          "Grpc.Net.Common": "2.71.0"
        }
      },
      "Grpc.Net.Common": {
        "type": "Transitive",
        "resolved": "2.71.0",
        "contentHash": "v0c8R97TwRYwNXlC8GyRXwYTCNufpDfUtj9la+wUrZFzVWkFJuNAltU+c0yI3zu0jl54k7en6u2WKgZgd57r2Q==",
        "dependencies": {
          "Grpc.Core.Api": "2.71.0"
        }
      },
      "Konscious.Security.Cryptography.Blake2": {
        "type": "Transitive",
        "resolved": "1.1.1",
        "contentHash": "odwOyzj/J/lHJZNwFWJGU/LRecBShupAJ2S8TQqZfhUe9niHzu/voBYK5wuVKsvSpzbfupKQYZguVyIk1sgOkQ=="
      },
      "Microsoft.Bcl.AsyncInterfaces": {
        "type": "Transitive",
        "resolved": "10.0.3",
        "contentHash": "TV62UsrJZPX6gbt3c4WrtXh7bmaDIcMqf9uft1cc4L6gJXOU07hDGEh+bFQh/L2Az0R1WVOkiT66lFqS6G2NmA=="
      },
      "Microsoft.Build.Tasks.Git": {
        "type": "Transitive",
        "resolved": "10.0.400",
        "contentHash": "uXJ/eBDqAo9HlyPjvvvynjHb59KXQWG9txpBzyI1drO6MV3Lhndt2yhxuMKvIga4kND2UKc3xCNXlXBhWU8Hlg==",
        "dependencies": {
          "System.IO.Hashing": "10.0.11"
        }
      },
      "Microsoft.Identity.Client": {
        "type": "Transitive",
        "resolved": "4.83.1",
        "contentHash": "jOLIrZ3cynoqHLLO1cXplFFabrhrMEYs/EuKHvmCyrOm1axqiVFT6nCSnHxk7w5+d2BeQfCdM12Yf/0X7OeS1g==",
        "dependencies": {
          "Microsoft.IdentityModel.Abstractions": "8.14.0"
        }
      },
      "Microsoft.Identity.Client.Extensions.Msal": {
        "type": "Transitive",
        "resolved": "4.83.1",
        "contentHash": "I3k4J4Hj4KbLEFanjeUzzDOVecukETaTgEkJ7h2pP/Yazs6SLp6TVUTo/Eo+ptPXMwvc+iX7rBFtMSUrA7R+Mg==",
        "dependencies": {
          "Microsoft.Identity.Client": "4.83.1",
          "System.Security.Cryptography.ProtectedData": "4.5.0"
        }
      },
      "Microsoft.IdentityModel.Abstractions": {
        "type": "Transitive",
        "resolved": "8.14.0",
        "contentHash": "iwbCpSjD3ehfTwBhtSNEtKPK0ICun6ov7Ibx6ISNA9bfwIyzI2Siwyi9eJFCJBwxowK9xcA1mj+jBWiigeqgcQ=="
      },
      "Microsoft.SourceLink.Common": {
        "type": "Transitive",
        "resolved": "10.0.400",
        "contentHash": "Knli3Y2k/rdBqUlQ8TP+Sbd0J0jV/0kvgLsxieowoVayioZ0JGfqb9go+/dQJqtU53i6IpZzRxAPxbBT5UJBNg=="
      },
      "Newtonsoft.Json": {
        "type": "Transitive",
        "resolved": "13.0.4",
        "contentHash": "pdgNNMai3zv51W5aq268sujXUyx7SNdE2bj1wZcWjAQrKMFZV260lbqYop1d2GM67JI1huLRwxo9ZqnfF/lC6A=="
      },
      "System.ClientModel": {
        "type": "Transitive",
        "resolved": "1.10.0",
        "contentHash": "lBEWs54F5Y5pZ9hC+8z4S/X76957ex+DPk7WecRHlbIHtrPfbRMMlOgI3iDn4Jpb3bSxvBnKaaHoD59auFjlBA==",
        "dependencies": {
          "System.Memory.Data": "10.0.3"
        }
      },
      "System.CodeDom": {
        "type": "Transitive",
        "resolved": "7.0.0",
        "contentHash": "GLltyqEsE5/3IE+zYRP5sNa1l44qKl9v+bfdMcwg+M9qnQf47wK3H0SUR/T+3N4JEQXF3vV4CSuuo0rsg+nq2A=="
      },
      "System.IO.Hashing": {
        "type": "Transitive",
        "resolved": "10.0.11",
        "contentHash": "OzKDcIRkeNJeC8qAsbn8yJXnfTLP1dtkWILe+T56Gf/z+IkAASi7sMqLqJQat08j5z/mRN5xVtoAwbkMNMoBUQ=="
      },
      "System.Management": {
        "type": "Transitive",
        "resolved": "7.0.2",
        "contentHash": "/qEUN91mP/MUQmJnM5y5BdT7ZoPuVrtxnFlbJ8a3kBJGhe2wCzBfnPFtK2wTtEEcf3DMGR9J00GZZfg6HRI6yA==",
        "dependencies": {
          "System.CodeDom": "7.0.0"
        }
      },
      "System.Memory.Data": {
        "type": "Transitive",
        "resolved": "10.0.3",
        "contentHash": "MaGhRfGunmrj/nHjtsi9XkhlYJ/ERGWrbA+BiSKNtGnAjc9XlG5EhAvak6VRcX5LYzPF6pBO8nJ613dTgzabig=="
      },
      "System.Security.Cryptography.ProtectedData": {
        "type": "Transitive",
        "resolved": "4.5.0",
        "contentHash": "wLBKzFnDCxP12VL9ANydSYhk59fC4cvOr9ypYQLPnAj48NQIhqnjdD2yhP8yEKyBJEjERWS9DisKL7rX5eU25Q=="
      },
      "ericksonlopez.security": {
        "type": "Project",
        "dependencies": {
          "EricksonLopez.Security.Abstractions": "[1.0.0, )",
          "Konscious.Security.Cryptography.Argon2": "[1.3.1, )"
        }
      },
      "ericksonlopez.security.abstractions": {
        "type": "Project",
        "dependencies": {
          "EricksonLopez.Result": "[2.0.0, )"
        }
      },
      "ericksonlopez.security.aspnetcore": {
        "type": "Project",
        "dependencies": {
          "EricksonLopez.Security": "[1.0.0, )"
        }
      },
      "ericksonlopez.security.aws": {
        "type": "Project",
        "dependencies": {
          "AWSSDK.KeyManagementService": "[4.0.100.12, )",
          "AWSSDK.SecretsManager": "[4.0.100.12, )",
          "EricksonLopez.Security": "[1.0.0, )",
          "EricksonLopez.Security.Abstractions": "[1.0.0, )"
        }
      },
      "ericksonlopez.security.azure": {
        "type": "Project",
        "dependencies": {
          "Azure.Identity": "[1.21.0, )",
          "Azure.Security.KeyVault.Keys": "[4.10.1, )",
          "Azure.Security.KeyVault.Secrets": "[4.11.1, )",
          "EricksonLopez.Security": "[1.0.0, )",
          "EricksonLopez.Security.Abstractions": "[1.0.0, )"
        }
      },
      "ericksonlopez.security.cryptography": {
        "type": "Project",
        "dependencies": {
          "EricksonLopez.Security.Abstractions": "[1.0.0, )"
        }
      },
      "ericksonlopez.security.cryptography.pkcs11": {
        "type": "Project",
        "dependencies": {
          "EricksonLopez.Security.Abstractions": "[1.0.0, )"
        }
      },
      "ericksonlopez.security.cryptography.xmldsig": {
        "type": "Project",
        "dependencies": {
          "EricksonLopez.Result": "[2.0.0, )"
        }
      },
      "ericksonlopez.security.googlecloud": {
        "type": "Project",
        "dependencies": {
          "EricksonLopez.Security": "[1.0.0, )",
          "EricksonLopez.Security.Abstractions": "[1.0.0, )",
          "Google.Cloud.Kms.V1": "[3.26.0, )",
          "Google.Cloud.SecretManager.V1": "[2.8.0, )"
        }
      },
      "ericksonlopez.security.hashicorpvault": {
        "type": "Project",
        "dependencies": {
          "EricksonLopez.Security": "[1.0.0, )",
          "EricksonLopez.Security.Abstractions": "[1.0.0, )"
        }
      },
      "ericksonlopez.security.mfa": {
        "type": "Project",
        "dependencies": {
          "EricksonLopez.Result": "[2.0.0, )"
        }
      },
      "ericksonlopez.security.network": {
        "type": "Project",
        "dependencies": {
          "EricksonLopez.Result": "[2.0.0, )"
        }
      },
      "ericksonlopez.security.opentelemetry": {
        "type": "Project",
        "dependencies": {
          "EricksonLopez.Security": "[1.0.0, )",
          "OpenTelemetry.Api": "[1.18.0, )"
        }
      },
      "ericksonlopez.security.pki": {
        "type": "Project",
        "dependencies": {
          "EricksonLopez.Result": "[2.0.0, )"
        }
      },
      "ericksonlopez.security.privacy.hibp": {
        "type": "Project",
        "dependencies": {
          "EricksonLopez.Result": "[2.0.0, )",
          "EricksonLopez.Security.Abstractions": "[1.0.0, )"
        }
      },
      "ericksonlopez.security.saml2": {
        "type": "Project",
        "dependencies": {
          "EricksonLopez.Result": "[2.0.0, )",
          "EricksonLopez.Security.Abstractions": "[1.0.0, )",
          "EricksonLopez.Security.Cryptography": "[1.0.0, )"
        }
      },
      "ericksonlopez.security.testing": {
        "type": "Project",
        "dependencies": {
          "EricksonLopez.Security": "[1.0.0, )",
          "EricksonLopez.Security.Abstractions": "[1.0.0, )",
          "EricksonLopez.Security.WebAuthn.Fido2": "[1.0.0, )",
          "Microsoft.Extensions.TimeProvider.Testing": "[10.1.0, )"
        }
      },
      "ericksonlopez.security.webauthn.fido2": {
        "type": "Project",
        "dependencies": {
          "EricksonLopez.Result": "[2.0.0, )",
          "EricksonLopez.Security.Abstractions": "[1.0.0, )"
        }
      },
      "ericksonlopez.security.webauthn.fido2.mds3": {
        "type": "Project",
        "dependencies": {
          "EricksonLopez.Security.WebAuthn.Fido2": "[1.0.0, )"
        }
      },
      "ericksonlopez.security.zerotrust": {
        "type": "Project",
        "dependencies": {
          "EricksonLopez.Result": "[2.0.0, )"
        }
      },
      "AWSSDK.KeyManagementService": {
        "type": "CentralTransitive",
        "requested": "[4.0.100.12, )",
        "resolved": "4.0.100.12",
        "contentHash": "8OA+7ttRjZnbaP2xcMnA//VtN5rHK8XkhtOpV+eXD0shrJ8TXLTRjLTgzTInAyWBT+xvoZfD5YofCzUipZZHJQ==",
        "dependencies": {
          "AWSSDK.Core": "[4.0.102.3, 5.0.0)"
        }
      },
      "AWSSDK.SecretsManager": {
        "type": "CentralTransitive",
        "requested": "[4.0.100.12, )",
        "resolved": "4.0.100.12",
        "contentHash": "LteVwosj9CXxrCTTut3bJBe5CCJMAWqoZj1/cYPevhLv5lz9WX00mr9mGZ/q3NwtD28cH62i81S63MuCs4zpIw==",
        "dependencies": {
          "AWSSDK.Core": "[4.0.102.3, 5.0.0)"
        }
      },
      "Azure.Identity": {
        "type": "CentralTransitive",
        "requested": "[1.21.0, )",
        "resolved": "1.21.0",
        "contentHash": "GeFv8sGwRKvDKwI2WFy8r0mhmlxEVZg24Sit2NogTjiSO8RVjllWM65OT6e1sKjOvG8V74y7hAbaELUUPjZQSw==",
        "dependencies": {
          "Azure.Core": "1.53.0"
        }
      },
      "Azure.Security.KeyVault.Keys": {
        "type": "CentralTransitive",
        "requested": "[4.10.1, )",
        "resolved": "4.10.1",
        "contentHash": "RAFXuB5dWDTrfU5kw/uLH9IMeW7wL2ZgpR6sBcZZ/jJ0LOuKQ+ScEy2S8KeTr+BWnDIyIHtLLDPzEAPtbBZf5w==",
        "dependencies": {
          "Azure.Core": "1.54.0"
        }
      },
      "Azure.Security.KeyVault.Secrets": {
        "type": "CentralTransitive",
        "requested": "[4.11.1, )",
        "resolved": "4.11.1",
        "contentHash": "/yFMJGQYPPvBSrupjJ388qqXZ1h70Yrer1vG+z+jddgovEmIE7IhShU6ZGIi24IPArY8HBH6FFtgVK369TWhmQ==",
        "dependencies": {
          "Azure.Core": "1.54.0"
        }
      },
      "EricksonLopez.Result": {
        "type": "CentralTransitive",
        "requested": "[2.0.0, )",
        "resolved": "2.0.0",
        "contentHash": "t9MG0gZ+kJ6PABsAq6p+DOmiN+zsGB7/MqFaDaNgRwN9SRm95i+iNubr38tILFDVpW+4M/eFSuD5llZe6N6zjQ=="
      },
      "Google.Cloud.Kms.V1": {
        "type": "CentralTransitive",
        "requested": "[3.26.0, )",
        "resolved": "3.26.0",
        "contentHash": "BNB5zX9XaesF8o0wiiE53JwRk0XCJeigiDW2IEHpzfPhq82CS5VN07pBV+idUwv+e4qEDv90/itVvkjFYPNe0A==",
        "dependencies": {
          "Google.Api.Gax.Grpc": "[4.13.1, 5.0.0)",
          "Google.Cloud.Iam.V1": "[3.5.0, 4.0.0)",
          "Google.Cloud.Location": "[2.4.0, 3.0.0)",
          "Google.LongRunning": "[3.5.0, 4.0.0)"
        }
      },
      "Google.Cloud.SecretManager.V1": {
        "type": "CentralTransitive",
        "requested": "[2.8.0, )",
        "resolved": "2.8.0",
        "contentHash": "S5bDJUkR50TzEnZdaTwSY4S8q+VlTu3W00Te10x5fK0PdjY++3sOGj0cNxFSy9QjX34Iz4Fn1OxltvQ+qoHmPw==",
        "dependencies": {
          "Google.Api.Gax.Grpc": "[4.13.1, 5.0.0)",
          "Google.Cloud.Iam.V1": "[3.5.0, 4.0.0)",
          "Google.Cloud.Location": "[2.4.0, 3.0.0)"
        }
      },
      "Konscious.Security.Cryptography.Argon2": {
        "type": "CentralTransitive",
        "requested": "[1.3.1, )",
        "resolved": "1.3.1",
        "contentHash": "T+OAGwzYYXftahpOxO7J4xA5K6urxwGnWQf3M+Jpi+76Azv/0T3M5SuN+h7/QvXuiqNw3ZEZ5QqVLI5ygDAylw==",
        "dependencies": {
          "Konscious.Security.Cryptography.Blake2": "1.1.1"
        }
      },
      "Microsoft.Extensions.TimeProvider.Testing": {
        "type": "CentralTransitive",
        "requested": "[10.1.0, )",
        "resolved": "10.1.0",
        "contentHash": "wH/CohN2yvYlpyPptNwWVZxlIQ8CkFvcv1eOEZTi/y8FhqVeISLbrraaW0qvVtXRKEeO0EyapNCZzj4HtdRGRw=="
      }
    }
  }
}